
Microsoft Visual Studio Solution File, Format Version 12.00
# Visual Studio Version 17
VisualStudioVersion = 17.9.34622.214
MinimumVisualStudioVersion = 10.0.40219.1
Project("{FAE04EC0-301F-11D3-BF4B-00C04F79EFBC}") = "Login", "Login.csproj", "{F202E86E-0752-4504-8EEB-A34CC0B357C5}"
EndProject
Global
	GlobalSection(SolutionConfigurationPlatforms) = preSolution
		Debug|Any CPU = Debug|Any CPU
		Release|Any CPU = Release|Any CPU
	EndGlobalSection
	GlobalSection(ProjectConfigurationPlatforms) = postSolution
		{F202E86E-0752-4504-8EEB-A34CC0B357C5}.Debug|Any CPU.ActiveCfg = Debug|Any CPU
		{F202E86E-0752-4504-8EEB-A34CC0B357C5}.Debug|Any CPU.Build.0 = Debug|Any CPU
		{F202E86E-0752-4504-8EEB-A34CC0B357C5}.Release|Any CPU.ActiveCfg = Release|Any CPU
		{F202E86E-0752-4504-8EEB-A34CC0B357C5}.Release|Any CPU.Build.0 = Release|Any CPU
	EndGlobalSection
	GlobalSection(SolutionProperties) = preSolution
		HideSolutionNode = FALSE
	EndGlobalSection
	GlobalSection(ExtensibilityGlobals) = postSolution
		SolutionGuid = {73296013-8611-4A57-A712-3BF4730954D3}
	EndGlobalSection
EndGlobal
